{
  "name": "react-redux-boilerplate",
  "version": "2.0.0-beta.3",
  "lockfileVersion": 1,
  "requires": true,
  "dependencies": {
    "@types/whatwg-fetch": {
      "version": "0.0.33",
      "resolved": "https://registry.npmjs.org/@types/whatwg-fetch/-/whatwg-fetch-0.0.33.tgz",
      "integrity": "sha1-GcDShjyMsjgPIaHHNrecv3iVuxM=",
      "dev": true,
      "requires": {
        "@types/whatwg-streams": "0.0.3"
      }
    },
    "@types/whatwg-streams": {
      "version": "0.0.3",
      "resolved": "https://registry.npmjs.org/@types/whatwg-streams/-/whatwg-streams-0.0.3.tgz",
      "integrity": "sha1-SFPYafPibVrf0NlAe27c5xbQa/4=",
      "dev": true
    }
  }
}
